
Microsoft Visual Studio Solution File, Format Version 12.00
# Visual Studio Version 16
VisualStudioVersion = 25.0.1704.2
MinimumVisualStudioVersion = 10.0.40219.1
Project("{FAE04EC0-301F-11D3-BF4B-00C04F79EFBC}") = "mission6_agraviet", "mission6_agraviet\mission6_agraviet.csproj", "{85613955-E841-4DB5-B3DF-AA0BDCBB858E}"
EndProject
Global
	GlobalSection(SolutionConfigurationPlatforms) = preSolution
		Debug|Any CPU = Debug|Any CPU
		Release|Any CPU = Release|Any CPU
	EndGlobalSection
	GlobalSection(ProjectConfigurationPlatforms) = postSolution
		{85613955-E841-4DB5-B3DF-AA0BDCBB858E}.Debug|Any CPU.ActiveCfg = Debug|Any CPU
		{85613955-E841-4DB5-B3DF-AA0BDCBB858E}.Debug|Any CPU.Build.0 = Debug|Any CPU
		{85613955-E841-4DB5-B3DF-AA0BDCBB858E}.Release|Any CPU.ActiveCfg = Release|Any CPU
		{85613955-E841-4DB5-B3DF-AA0BDCBB858E}.Release|Any CPU.Build.0 = Release|Any CPU
	EndGlobalSection
	GlobalSection(SolutionProperties) = preSolution
		HideSolutionNode = FALSE
	EndGlobalSection
	GlobalSection(ExtensibilityGlobals) = postSolution
		SolutionGuid = {47039777-F2C4-4215-932E-7901BAB34E18}
	EndGlobalSection
EndGlobal
